// !$*UTF8*$!
{
	archiveVersion = 1;
	classes = {
	};
	objectVersion = 46;
	objects = {

/* Begin PBXBuildFile section */
		2E34B7DFFD86B3B4E276D5CE /* Pods_DemoProfCP.framework in Frameworks */ = {isa = PBXBuildFile; fileRef = 13F328D7057949886B996B92 /* Pods_DemoProfCP.framework */; };
		B87D37971DFA9DD9008C1458 /* AppDelegate.swift in Sources */ = {isa = PBXBuildFile; fileRef = B87D37961DFA9DD9008C1458 /* AppDelegate.swift */; };
		B87D37991DFA9DD9008C1458 /* ViewController.swift in Sources */ = {isa = PBXBuildFile; fileRef = B87D37981DFA9DD9008C1458 /* ViewController.swift */; };
		B87D379C1DFA9DD9008C1458 /* Main.storyboard in Resources */ = {isa = PBXBuildFile; fileRef = B87D379A1DFA9DD9008C1458 /* Main.storyboard */; };
		B87D379E1DFA9DD9008C1458 /* Assets.xcassets in Resources */ = {isa = PBXBuildFile; fileRef = B87D379D1DFA9DD9008C1458 /* Assets.xcassets */; };
		B87D37A11DFA9DD9008C1458 /* LaunchScreen.storyboard in Resources */ = {isa = PBXBuildFile; fileRef = B87D379F1DFA9DD9008C1458 /* LaunchScreen.storyboard */; };
/* End PBXBuildFile section */

/* Begin PBXCopyFilesBuildPhase section */
		B8BD7E4C1DFAB192008A220E /* CopyFiles */ = {
			isa = PBXCopyFilesBuildPhase;
			buildActionMask = 2147483647;
			dstPath = "";
			dstSubfolderSpec = 7;
			files = (
			);
			runOnlyForDeploymentPostprocessing = 0;
		};
/* End PBXCopyFilesBuildPhase section */

/* Begin PBXFileReference section */
		13F328D7057949886B996B92 /* Pods_DemoProfCP.framework */ = {isa = PBXFileReference; explicitFileType = wrapper.framework; includeInIndex = 0; path = Pods_DemoProfCP.framework; sourceTree = BUILT_PRODUCTS_DIR; };
		2A484D1AC5340F3D1E900F11 /* Pods-DemoProfCP.debug.xcconfig */ = {isa = PBXFileReference; includeInIndex = 1; lastKnownFileType = text.xcconfig; name = "Pods-DemoProfCP.debug.xcconfig"; path = "Pods/Target Support Files/Pods-DemoProfCP/Pods-DemoProfCP.debug.xcconfig"; sourceTree = "<group>"; };
		B87D37931DFA9DD9008C1458 /* DemoProfCP.app */ = {isa = PBXFileReference; explicitFileType = wrapper.application; includeInIndex = 0; path = DemoProfCP.app; sourceTree = BUILT_PRODUCTS_DIR; };
		B87D37961DFA9DD9008C1458 /* AppDelegate.swift */ = {isa = PBXFileReference; lastKnownFileType = sourcecode.swift; path = AppDelegate.swift; sourceTree = "<group>"; };
		B87D37981DFA9DD9008C1458 /* ViewController.swift */ = {isa = PBXFileReference; lastKnownFileType = sourcecode.swift; path = ViewController.swift; sourceTree = "<group>"; };
		B87D379B1DFA9DD9008C1458 /* Base */ = {isa = PBXFileReference; lastKnownFileType = file.storyboard; name = Base; path = Base.lproj/Main.storyboard; sourceTree = "<group>"; };
		B87D379D1DFA9DD9008C1458 /* Assets.xcassets */ = {isa = PBXFileReference; lastKnownFileType = folder.assetcatalog; path = Assets.xcassets; sourceTree = "<group>"; };
		B87D37A01DFA9DD9008C1458 /* Base */ = {isa = PBXFileReference; lastKnownFileType = file.storyboard; name = Base; path = Base.lproj/LaunchScreen.storyboard; sourceTree = "<group>"; };
		B87D37A21DFA9DD9008C1458 /* Info.plist */ = {isa = PBXFileReference; lastKnownFileType = text.plist.xml; path = Info.plist; sourceTree = "<group>"; };
		F53D4F8018B0745D9E781330 /* Pods-DemoProfCP.release.xcconfig */ = {isa = PBXFileReference; includeInIndex = 1; lastKnownFileType = text.xcconfig; name = "Pods-DemoProfCP.release.xcconfig"; path = "Pods/Target Support Files/Pods-DemoProfCP/Pods-DemoProfCP.release.xcconfig"; sourceTree = "<group>"; };
/* End PBXFileReference section */

/* Begin PBXFrameworksBuildPhase section */
		B87D37901DFA9DD9008C1458 /* Frameworks */ = {
			isa = PBXFrameworksBuildPhase;
			buildActionMask = 2147483647;
			files = (
				2E34B7DFFD86B3B4E276D5CE /* Pods_DemoProfCP.framework in Frameworks */,
			);
			runOnlyForDeploymentPostprocessing = 0;
		};
/* End PBXFrameworksBuildPhase section */

/* Begin PBXGroup section */
		65FC42CD7E5893A50BCA0636 /* Pods */ = {
			isa = PBXGroup;
			children = (
				2A484D1AC5340F3D1E900F11 /* Pods-DemoProfCP.debug.xcconfig */,
				F53D4F8018B0745D9E781330 /* Pods-DemoProfCP.release.xcconfig */,
			);
			name = Pods;
			sourceTree = "<group>";
		};
		B87D378A1DFA9DD9008C1458 = {
			isa = PBXGroup;
			children = (
				B87D37951DFA9DD9008C1458 /* DemoProfCP */,
				B87D37941DFA9DD9008C1458 /* Products */,
				65FC42CD7E5893A50BCA0636 /* Pods */,
				BA195C45B8191F57CA41E6E7 /* Frameworks */,
			);
			sourceTree = "<group>";
		};
		B87D37941DFA9DD9008C1458 /* Products */ = {
			isa = PBXGroup;
			children = (
				B87D37931DFA9DD9008C1458 /* DemoProfCP.app */,
			);
			name = Products;
			sourceTree = "<group>";
		};
		B87D37951DFA9DD9008C1458 /* DemoProfCP */ = {
			isa = PBXGroup;
			children = (
				B87D37961DFA9DD9008C1458 /* AppDelegate.swift */,
				B87D37981DFA9DD9008C1458 /* ViewController.swift */,
				B87D379A1DFA9DD9008C1458 /* Main.storyboard */,
				B87D379D1DFA9DD9008C1458 /* Assets.xcassets */,
				B87D379F1DFA9DD9008C1458 /* LaunchScreen.storyboard */,
				B87D37A21DFA9DD9008C1458 /* Info.plist */,
			);
			path = DemoProfCP;
			sourceTree = "<group>";
		};
		BA195C45B8191F57CA41E6E7 /* Frameworks */ = {
			isa = PBXGroup;
			children = (
				13F328D7057949886B996B92 /* Pods_DemoProfCP.framework */,
			);
			name = Frameworks;
			sourceTree = "<group>";
		};
/* End PBXGroup section */

/* Begin PBXNativeTarget section */
		B87D37921DFA9DD9008C1458 /* DemoProfCP */ = {
			isa = PBXNativeTarget;
			buildConfigurationList = B87D37A51DFA9DD9008C1458 /* Build configuration list for PBXNativeTarget "DemoProfCP" */;
			buildPhases = (
				912EFF7187D16F93CBFEB951 /* [CP] Check Pods Manifest.lock */,
				B87D378F1DFA9DD9008C1458 /* Sources */,
				B87D37901DFA9DD9008C1458 /* Frameworks */,
				B87D37911DFA9DD9008C1458 /* Resources */,
				C38688C77C1FA51F280F4E67 /* [CP] Embed Pods Frameworks */,
				D117208652E72B1A2A61CE7A /* [CP] Copy Pods Resources */,
				B8BD7E4C1DFAB192008A220E /* CopyFiles */,
				B8BD7E4D1DFAB198008A220E /* ShellScript */,
			);
			buildRules = (
			);
			dependencies = (
			);
			name = DemoProfCP;
			productName = DemoProfCP;
			productReference = B87D37931DFA9DD9008C1458 /* DemoProfCP.app */;
			productType = "com.apple.product-type.application";
		};
/* End PBXNativeTarget section */

/* Begin PBXProject section */
		B87D378B1DFA9DD9008C1458 /* Project object */ = {
			isa = PBXProject;
			attributes = {
				LastSwiftUpdateCheck = 0800;
				LastUpgradeCheck = 0800;
				ORGANIZATIONNAME = iem;
				TargetAttributes = {
					B87D37921DFA9DD9008C1458 = {
						CreatedOnToolsVersion = 8.0;
						DevelopmentTeam = 2L248S8SLQ;
						ProvisioningStyle = Automatic;
					};
				};
			};
			buildConfigurationList = B87D378E1DFA9DD9008C1458 /* Build configuration list for PBXProject "DemoProfCP" */;
			compatibilityVersion = "Xcode 3.2";
			developmentRegion = English;
			hasScannedForEncodings = 0;
			knownRegions = (
				en,
				Base,
			);
			mainGroup = B87D378A1DFA9DD9008C1458;
			productRefGroup = B87D37941DFA9DD9008C1458 /* Products */;
			projectDirPath = "";
			projectRoot = "";
			targets = (
				B87D37921DFA9DD9008C1458 /* DemoProfCP */,
			);
		};
/* End PBXProject section */

/* Begin PBXResourcesBuildPhase section */
		B87D37911DFA9DD9008C1458 /* Resources */ = {
			isa = PBXResourcesBuildPhase;
			buildActionMask = 2147483647;
			files = (
				B87D37A11DFA9DD9008C1458 /* LaunchScreen.storyboard in Resources */,
				B87D379E1DFA9DD9008C1458 /* Assets.xcassets in Resources */,
				B87D379C1DFA9DD9008C1458 /* Main.storyboard in Resources */,
			);
			runOnlyForDeploymentPostprocessing = 0;
		};
/* End PBXResourcesBuildPhase section */

/* Begin PBXShellScriptBuildPhase section */
		912EFF7187D16F93CBFEB951 /* [CP] Check Pods Manifest.lock */ = {
			isa = PBXShellScriptBuildPhase;
			buildActionMask = 2147483647;
			files = (
			);
			inputPaths = (
			);
			name = "[CP] Check Pods Manifest.lock";
			outputPaths = (
			);
			runOnlyForDeploymentPostprocessing = 0;
			shellPath = /bin/sh;
			shellScript = "diff \"${PODS_ROOT}/../Podfile.lock\" \"${PODS_ROOT}/Manifest.lock\" > /dev/null\nif [[ $? != 0 ]] ; then\n    cat << EOM\nerror: The sandbox is not in sync with the Podfile.lock. Run 'pod install' or update your CocoaPods installation.\nEOM\n    exit 1\nfi\n";
			showEnvVarsInLog = 0;
		};
		B8BD7E4D1DFAB198008A220E /* ShellScript */ = {
			isa = PBXShellScriptBuildPhase;
			buildActionMask = 2147483647;
			files = (
			);
			inputPaths = (
			);
			outputPaths = (
			);
			runOnlyForDeploymentPostprocessing = 0;
			shellPath = /bin/sh;
			shellScript = "\"${PODS_ROOT}/Fabric/run\" fc9d87b2efd9490e1a216989a7ebb86e7d59dfed 34fe58a4e2ba0b70c2542972f64f088e9b50c159f18624ff3bd2ac2f453874f4";
		};
		C38688C77C1FA51F280F4E67 /* [CP] Embed Pods Frameworks */ = {
			isa = PBXShellScriptBuildPhase;
			buildActionMask = 2147483647;
			files = (
			);
			inputPaths = (
			);
			name = "[CP] Embed Pods Frameworks";
			outputPaths = (
			);
			runOnlyForDeploymentPostprocessing = 0;
			shellPath = /bin/sh;
			shellScript = "\"${SRCROOT}/Pods/Target Support Files/Pods-DemoProfCP/Pods-DemoProfCP-frameworks.sh\"\n";
			showEnvVarsInLog = 0;
		};
		D117208652E72B1A2A61CE7A /* [CP] Copy Pods Resources */ = {
			isa = PBXShellScriptBuildPhase;
			buildActionMask = 2147483647;
			files = (
			);
			inputPaths = (
			);
			name = "[CP] Copy Pods Resources";
			outputPaths = (
			);
			runOnlyForDeploymentPostprocessing = 0;
			shellPath = /bin/sh;
			shellScript = "\"${SRCROOT}/Pods/Target Support Files/Pods-DemoProfCP/Pods-DemoProfCP-resources.sh\"\n";
			showEnvVarsInLog = 0;
		};
/* End PBXShellScriptBuildPhase section */

/* Begin PBXSourcesBuildPhase section */
		B87D378F1DFA9DD9008C1458 /* Sources */ = {
			isa = PBXSourcesBuildPhase;
			buildActionMask = 2147483647;
			files = (
				B87D37991DFA9DD9008C1458 /* ViewController.swift in Sources */,
				B87D37971DFA9DD9008C1458 /* AppDelegate.swift in Sources */,
			);
			runOnlyForDeploymentPostprocessing = 0;
		};
/* End PBXSourcesBuildPhase section */

/* Begin PBXVariantGroup section */
		B87D379A1DFA9DD9008C1458 /* Main.storyboard */ = {
			isa = PBXVariantGroup;
			children = (
				B87D379B1DFA9DD9008C1458 /* Base */,
			);
			name = Main.storyboard;
			sourceTree = "<group>";
		};
		B87D379F1DFA9DD9008C1458 /* LaunchScreen.storyboard */ = {
			isa = PBXVariantGroup;
			children = (
				B87D37A01DFA9DD9008C1458 /* Base */,
			);
			name = LaunchScreen.storyboard;
			sourceTree = "<group>";
		};
/* End PBXVariantGroup section */

/* Begin XCBuildConfiguration section */
		B87D37A31DFA9DD9008C1458 /* Debug */ = {
			isa = XCBuildConfiguration;
			buildSettings = {
				ALWAYS_SEARCH_USER_PATHS = NO;
				CLANG_ANALYZER_NONNULL = YES;
				CLANG_CXX_LANGUAGE_STANDARD = "gnu++0x";
				CLANG_CXX_LIBRARY = "libc++";
				CLANG_ENABLE_MODULES = YES;
				CLANG_ENABLE_OBJC_ARC = YES;
				CLANG_WARN_BOOL_CONVERSION = YES;
				CLANG_WARN_CONSTANT_CONVERSION = YES;
				CLANG_WARN_DIRECT_OBJC_ISA_USAGE = YES_ERROR;
				CLANG_WARN_DOCUMENTATION_COMMENTS = YES;
				CLANG_WARN_EMPTY_BODY = YES;
				CLANG_WARN_ENUM_CONVERSION = YES;
				CLANG_WARN_INFINITE_RECURSION = YES;
				CLANG_WARN_INT_CONVERSION = YES;
				CLANG_WARN_OBJC_ROOT_CLASS = YES_ERROR;
				CLANG_WARN_SUSPICIOUS_MOVES = YES;
				CLANG_WARN_UNREACHABLE_CODE = YES;
				CLANG_WARN__DUPLICATE_METHOD_MATCH = YES;
				"CODE_SIGN_IDENTITY[sdk=iphoneos*]" = "iPhone Developer";
				COPY_PHASE_STRIP = NO;
				DEBUG_INFORMATION_FORMAT = dwarf;
				ENABLE_STRICT_OBJC_MSGSEND = YES;
				ENABLE_TESTABILITY = YES;
				GCC_C_LANGUAGE_STANDARD = gnu99;
				GCC_DYNAMIC_NO_PIC = NO;
				GCC_NO_COMMON_BLOCKS = YES;
				GCC_OPTIMIZATION_LEVEL = 0;
				GCC_PREPROCESSOR_DEFINITIONS = (
					"DEBUG=1",
					"$(inherited)",
				);
				GCC_WARN_64_TO_32_BIT_CONVERSION = YES;
				GCC_WARN_ABOUT_RETURN_TYPE = YES_ERROR;
				GCC_WARN_UNDECLARED_SELECTOR = YES;
				GCC_WARN_UNINITIALIZED_AUTOS = YES_AGGRESSIVE;
				GCC_WARN_UNUSED_FUNCTION = YES;
				GCC_WARN_UNUSED_VARIABLE = YES;
				IPHONEOS_DEPLOYMENT_TARGET = 10.0;
				MTL_ENABLE_DEBUG_INFO = YES;
				ONLY_ACTIVE_ARCH = YES;
				SDKROOT = iphoneos;
				SWIFT_ACTIVE_COMPILATION_CONDITIONS = DEBUG;
				SWIFT_OPTIMIZATION_LEVEL = "-Onone";
			};
			name = Debug;
		};
		B87D37A41DFA9DD9008C1458 /* Release */ = {
			isa = XCBuildConfiguration;
			buildSettings = {
				ALWAYS_SEARCH_USER_PATHS = NO;
				CLANG_ANALYZER_NONNULL = YES;
				CLANG_CXX_LANGUAGE_STANDARD = "gnu++0x";
				CLANG_CXX_LIBRARY = "libc++";
				CLANG_ENABLE_MODULES = YES;
				CLANG_ENABLE_OBJC_ARC = YES;
				CLANG_WARN_BOOL_CONVERSION = YES;
				CLANG_WARN_CONSTANT_CONVERSION = YES;
				CLANG_WARN_DIRECT_OBJC_ISA_USAGE = YES_ERROR;
				CLANG_WARN_DOCUMENTATION_COMMENTS = YES;
				CLANG_WARN_EMPTY_BODY = YES;
				CLANG_WARN_ENUM_CONVERSION = YES;
				CLANG_WARN_INFINITE_RECURSION = YES;
				CLANG_WARN_INT_CONVERSION = YES;
				CLANG_WARN_OBJC_ROOT_CLASS = YES_ERROR;
				CLANG_WARN_SUSPICIOUS_MOVES = YES;
				CLANG_WARN_UNREACHABLE_CODE = YES;
				CLANG_WARN__DUPLICATE_METHOD_MATCH = YES;
				"CODE_SIGN_IDENTITY[sdk=iphoneos*]" = "iPhone Developer";
				COPY_PHASE_STRIP = NO;
				DEBUG_INFORMATION_FORMAT = "dwarf-with-dsym";
				ENABLE_NS_ASSERTIONS = NO;
				ENABLE_STRICT_OBJC_MSGSEND = YES;
				GCC_C_LANGUAGE_STANDARD = gnu99;
				GCC_NO_COMMON_BLOCKS = YES;
				GCC_WARN_64_TO_32_BIT_CONVERSION = YES;
				GCC_WARN_ABOUT_RETURN_TYPE = YES_ERROR;
				GCC_WARN_UNDECLARED_SELECTOR = YES;
				GCC_WARN_UNINITIALIZED_AUTOS = YES_AGGRESSIVE;
				GCC_WARN_UNUSED_FUNCTION = YES;
				GCC_WARN_UNUSED_VARIABLE = YES;
				IPHONEOS_DEPLOYMENT_TARGET = 10.0;
				MTL_ENABLE_DEBUG_INFO = NO;
				SDKROOT = iphoneos;
				SWIFT_OPTIMIZATION_LEVEL = "-Owholemodule";
				VALIDATE_PRODUCT = YES;
			};
			name = Release;
		};
		B87D37A61DFA9DD9008C1458 /* Debug */ = {
			isa = XCBuildConfiguration;
			baseConfigurationReference = 2A484D1AC5340F3D1E900F11 /* Pods-DemoProfCP.debug.xcconfig */;
			buildSettings = {
				ASSETCATALOG_COMPILER_APPICON_NAME = AppIcon;
				DEVELOPMENT_TEAM = 2L248S8SLQ;
				INFOPLIST_FILE = DemoProfCP/Info.plist;
				LD_RUNPATH_SEARCH_PATHS = "$(inherited) @executable_path/Frameworks";
				PRODUCT_BUNDLE_IDENTIFIER = fr.appsolute.IUTDemo20165;
				PRODUCT_NAME = "$(TARGET_NAME)";
				SWIFT_VERSION = 3.0;
			};
			name = Debug;
		};
		B87D37A71DFA9DD9008C1458 /* Release */ = {
			isa = XCBuildConfiguration;
			baseConfigurationReference = F53D4F8018B0745D9E781330 /* Pods-DemoProfCP.release.xcconfig */;
			buildSettings = {
				ASSETCATALOG_COMPILER_APPICON_NAME = AppIcon;
				DEVELOPMENT_TEAM = 2L248S8SLQ;
				INFOPLIST_FILE = DemoProfCP/Info.plist;
				LD_RUNPATH_SEARCH_PATHS = "$(inherited) @executable_path/Frameworks";
				PRODUCT_BUNDLE_IDENTIFIER = fr.appsolute.IUTDemo20165;
				PRODUCT_NAME = "$(TARGET_NAME)";
				SWIFT_VERSION = 3.0;
			};
			name = Release;
		};
/* End XCBuildConfiguration section */

/* Begin XCConfigurationList section */
		B87D378E1DFA9DD9008C1458 /* Build configuration list for PBXProject "DemoProfCP" */ = {
			isa = XCConfigurationList;
			buildConfigurations = (
				B87D37A31DFA9DD9008C1458 /* Debug */,
				B87D37A41DFA9DD9008C1458 /* Release */,
			);
			defaultConfigurationIsVisible = 0;
			defaultConfigurationName = Release;
		};
		B87D37A51DFA9DD9008C1458 /* Build configuration list for PBXNativeTarget "DemoProfCP" */ = {
			isa = XCConfigurationList;
			buildConfigurations = (
				B87D37A61DFA9DD9008C1458 /* Debug */,
				B87D37A71DFA9DD9008C1458 /* Release */,
			);
			defaultConfigurationIsVisible = 0;
			defaultConfigurationName = Release;
		};
/* End XCConfigurationList section */
	};
	rootObject = B87D378B1DFA9DD9008C1458 /* Project object */;
}
